
Microsoft Visual Studio Solution File, Format Version 12.00
# Visual Studio Version 17
VisualStudioVersion = 17.7.34024.191
MinimumVisualStudioVersion = 10.0.40219.1
Project("{FAE04EC0-301F-11D3-BF4B-00C04F79EFBC}") = "Tinting-Banco&D180-Bangalore", "Tinting-Banco&D180-Bangalore\Tinting-Banco&D180-Bangalore.csproj", "{6EAF039F-ADA8-4AFF-8EE0-8E7818900E36}"
EndProject
Global
	GlobalSection(SolutionConfigurationPlatforms) = preSolution
		Debug|Any CPU = Debug|Any CPU
		Release|Any CPU = Release|Any CPU
	EndGlobalSection
	GlobalSection(ProjectConfigurationPlatforms) = postSolution
		{6EAF039F-ADA8-4AFF-8EE0-8E7818900E36}.Debug|Any CPU.ActiveCfg = Debug|Any CPU
		{6EAF039F-ADA8-4AFF-8EE0-8E7818900E36}.Debug|Any CPU.Build.0 = Debug|Any CPU
		{6EAF039F-ADA8-4AFF-8EE0-8E7818900E36}.Release|Any CPU.ActiveCfg = Release|Any CPU
		{6EAF039F-ADA8-4AFF-8EE0-8E7818900E36}.Release|Any CPU.Build.0 = Release|Any CPU
	EndGlobalSection
	GlobalSection(SolutionProperties) = preSolution
		HideSolutionNode = FALSE
	EndGlobalSection
	GlobalSection(ExtensibilityGlobals) = postSolution
		SolutionGuid = {31F795D9-4E15-44C9-BD96-3CB99C78CC5B}
	EndGlobalSection
EndGlobal
